
Microsoft Visual Studio Solution File, Format Version 12.00
# Visual Studio Version 17
VisualStudioVersion = 17.6.33815.320
MinimumVisualStudioVersion = 10.0.40219.1
Project("{FAE04EC0-301F-11D3-BF4B-00C04F79EFBC}") = "MyProject", "MyProject\MyProject.csproj", "{8882B482-7D57-46E0-85B9-DAD39E206C1C}"
EndProject
Global
	GlobalSection(SolutionConfigurationPlatforms) = preSolution
		Debug|Any CPU = Debug|Any CPU
		Release|Any CPU = Release|Any CPU
	EndGlobalSection
	GlobalSection(ProjectConfigurationPlatforms) = postSolution
		{8882B482-7D57-46E0-85B9-DAD39E206C1C}.Debug|Any CPU.ActiveCfg = Debug|Any CPU
		{8882B482-7D57-46E0-85B9-DAD39E206C1C}.Debug|Any CPU.Build.0 = Debug|Any CPU
		{8882B482-7D57-46E0-85B9-DAD39E206C1C}.Release|Any CPU.ActiveCfg = Release|Any CPU
		{8882B482-7D57-46E0-85B9-DAD39E206C1C}.Release|Any CPU.Build.0 = Release|Any CPU
	EndGlobalSection
	GlobalSection(SolutionProperties) = preSolution
		HideSolutionNode = FALSE
	EndGlobalSection
	GlobalSection(ExtensibilityGlobals) = postSolution
		SolutionGuid = {ED5D2CCE-51D6-4E6C-8990-AC511FFD56D5}
	EndGlobalSection
EndGlobal
